
Microsoft Visual Studio Solution File, Format Version 12.00
# Visual Studio 15
VisualStudioVersion = 15.0.28307.705
MinimumVisualStudioVersion = 10.0.40219.1
Project("{FAE04EC0-301F-11D3-BF4B-00C04F79EFBC}") = "FindLargePDFs", "FindLargePDFs\FindLargePDFs.csproj", "{4A719FDC-DE55-4804-BA3A-54D67FCA8EEE}"
EndProject
Global
	GlobalSection(SolutionConfigurationPlatforms) = preSolution
		Debug|Any CPU = Debug|Any CPU
		Release|Any CPU = Release|Any CPU
	EndGlobalSection
	GlobalSection(ProjectConfigurationPlatforms) = postSolution
		{4A719FDC-DE55-4804-BA3A-54D67FCA8EEE}.Debug|Any CPU.ActiveCfg = Debug|Any CPU
		{4A719FDC-DE55-4804-BA3A-54D67FCA8EEE}.Debug|Any CPU.Build.0 = Debug|Any CPU
		{4A719FDC-DE55-4804-BA3A-54D67FCA8EEE}.Release|Any CPU.ActiveCfg = Release|Any CPU
		{4A719FDC-DE55-4804-BA3A-54D67FCA8EEE}.Release|Any CPU.Build.0 = Release|Any CPU
	EndGlobalSection
	GlobalSection(SolutionProperties) = preSolution
		HideSolutionNode = FALSE
	EndGlobalSection
	GlobalSection(ExtensibilityGlobals) = postSolution
		SolutionGuid = {8C3773A8-9456-4232-932C-FD2457C87C93}
	EndGlobalSection
EndGlobal
